
Microsoft Visual Studio Solution File, Format Version 12.00
# Visual Studio Version 16
VisualStudioVersion = 16.0.33214.272
MinimumVisualStudioVersion = 10.0.40219.1
Project("{888888A0-9F3D-457C-B088-3A5042F75D52}") = "client_app", "client_app.pyproj", "{03C7097A-2607-48C8-9D96-7AABB0AB87A4}"
EndProject
Project("{2150E333-8FDC-42A3-9474-1A3956D46DE8}") = "Solution Items", "Solution Items", "{CD0D6F3B-3BC9-47DB-B30D-47FBF363818F}"
EndProject
Global
	GlobalSection(SolutionConfigurationPlatforms) = preSolution
		Debug|Any CPU = Debug|Any CPU
		Release|Any CPU = Release|Any CPU
	EndGlobalSection
	GlobalSection(ProjectConfigurationPlatforms) = postSolution
		{03C7097A-2607-48C8-9D96-7AABB0AB87A4}.Debug|Any CPU.ActiveCfg = Debug|Any CPU
		{03C7097A-2607-48C8-9D96-7AABB0AB87A4}.Release|Any CPU.ActiveCfg = Release|Any CPU
	EndGlobalSection
	GlobalSection(SolutionProperties) = preSolution
		HideSolutionNode = FALSE
	EndGlobalSection
	GlobalSection(ExtensibilityGlobals) = postSolution
		SolutionGuid = {BF680522-189D-4B43-BD49-9C1EE51D3BD2}
	EndGlobalSection
EndGlobal
